{
  "object": {
    "pins": [
      {
        "package": "Realm",
        "repositoryURL": "https://github.com/realm/realm-cocoa.git",
        "state": {
          "branch": "master",
          "revision": "2e5aa3151d40daf0a4e2620a9c0e270632df065d",
          "version": null
        }
      },
      {
        "package": "RealmDatabase",
        "repositoryURL": "https://github.com/realm/realm-core",
        "state": {
          "branch": null,
          "revision": "55a48c287b5e3a8ca129c257ec7e3b92bcb2a05f",
          "version": "12.3.0"
        }
      }
    ]
  },
  "version": 1
}
