// !$*UTF8*$!
{
	archiveVersion = 1;
	classes = {
	};
	objectVersion = 55;
	objects = {

/* Begin PBXBuildFile section */
		69401ABF289BDB11004A1E60 /* infoViewController.swift in Sources */ = {isa = PBXBuildFile; fileRef = 69401ABE289BDB11004A1E60 /* infoViewController.swift */; };
		69401AC1289BEDEE004A1E60 /* apple.json in Resources */ = {isa = PBXBuildFile; fileRef = 69401AC0289BEDEE004A1E60 /* apple.json */; };
		69401B1628B2AFDC004A1E60 /* Option.storyboard in Resources */ = {isa = PBXBuildFile; fileRef = 69401B1528B2AFDC004A1E60 /* Option.storyboard */; };
		69CBC9C12886675900D7653C /* Realm in Frameworks */ = {isa = PBXBuildFile; productRef = 69CBC9C02886675900D7653C /* Realm */; };
		69CBC9C32886675900D7653C /* RealmSwift in Frameworks */ = {isa = PBXBuildFile; productRef = 69CBC9C22886675900D7653C /* RealmSwift */; };
		69CBC9C52886677D00D7653C /* Model.swift in Sources */ = {isa = PBXBuildFile; fileRef = 69CBC9C42886677D00D7653C /* Model.swift */; };
		69CBC9C928866FE400D7653C /* TableViewCell.swift in Sources */ = {isa = PBXBuildFile; fileRef = 69CBC9C728866FE400D7653C /* TableViewCell.swift */; };
		69CBC9CA28866FE400D7653C /* TableViewCell.xib in Resources */ = {isa = PBXBuildFile; fileRef = 69CBC9C828866FE400D7653C /* TableViewCell.xib */; };
		69CBC9CD288D94D300D7653C /* String.swift in Sources */ = {isa = PBXBuildFile; fileRef = 69CBC9CC288D94D300D7653C /* String.swift */; };
		69CBC9CF288FE51B00D7653C /* Memo+Extension.swift in Sources */ = {isa = PBXBuildFile; fileRef = 69CBC9CE288FE51A00D7653C /* Memo+Extension.swift */; };
		69CBC9D128911BFD00D7653C /* Date.swift in Sources */ = {isa = PBXBuildFile; fileRef = 69CBC9D028911BFD00D7653C /* Date.swift */; };
		69E2EE802883FABB00828016 /* AppDelegate.swift in Sources */ = {isa = PBXBuildFile; fileRef = 69E2EE7F2883FABB00828016 /* AppDelegate.swift */; };
		69E2EE822883FABB00828016 /* SceneDelegate.swift in Sources */ = {isa = PBXBuildFile; fileRef = 69E2EE812883FABB00828016 /* SceneDelegate.swift */; };
		69E2EE842883FABB00828016 /* ViewController.swift in Sources */ = {isa = PBXBuildFile; fileRef = 69E2EE832883FABB00828016 /* ViewController.swift */; };
		69E2EE892883FABF00828016 /* Assets.xcassets in Resources */ = {isa = PBXBuildFile; fileRef = 69E2EE882883FABF00828016 /* Assets.xcassets */; };
		69E2EE8C2883FABF00828016 /* LaunchScreen.storyboard in Resources */ = {isa = PBXBuildFile; fileRef = 69E2EE8A2883FABF00828016 /* LaunchScreen.storyboard */; };
		69E2EE962884278B00828016 /* Detail.storyboard in Resources */ = {isa = PBXBuildFile; fileRef = 69E2EE952884278A00828016 /* Detail.storyboard */; };
		69E2EE98288427C200828016 /* DetailViewController.swift in Sources */ = {isa = PBXBuildFile; fileRef = 69E2EE97288427C200828016 /* DetailViewController.swift */; };
		69EC23FF2897F192007001EA /* optionViewController.swift in Sources */ = {isa = PBXBuildFile; fileRef = 69EC23FE2897F192007001EA /* optionViewController.swift */; };
		69EC24002897F6BF007001EA /* Main.storyboard in Resources */ = {isa = PBXBuildFile; fileRef = 69E2EE852883FABB00828016 /* Main.storyboard */; };
		69EC2405289B8000007001EA /* optionTableViewCell.swift in Sources */ = {isa = PBXBuildFile; fileRef = 69EC2403289B8000007001EA /* optionTableViewCell.swift */; };
		69EC2406289B8000007001EA /* optionTableViewCell.xib in Resources */ = {isa = PBXBuildFile; fileRef = 69EC2404289B8000007001EA /* optionTableViewCell.xib */; };
		69EC2408289BB53A007001EA /* SettingSection.swift in Sources */ = {isa = PBXBuildFile; fileRef = 69EC2407289BB53A007001EA /* SettingSection.swift */; };
		AC6B8859E78D508986051DD4 /* Pods_AppleMemo.framework in Frameworks */ = {isa = PBXBuildFile; fileRef = 4BCD621AA6709274FEF83931 /* Pods_AppleMemo.framework */; };
/* End PBXBuildFile section */

/* Begin PBXFileReference section */
		4BCD621AA6709274FEF83931 /* Pods_AppleMemo.framework */ = {isa = PBXFileReference; explicitFileType = wrapper.framework; includeInIndex = 0; path = Pods_AppleMemo.framework; sourceTree = BUILT_PRODUCTS_DIR; };
		69401ABE289BDB11004A1E60 /* infoViewController.swift */ = {isa = PBXFileReference; lastKnownFileType = sourcecode.swift; path = infoViewController.swift; sourceTree = "<group>"; };
		69401AC0289BEDEE004A1E60 /* apple.json */ = {isa = PBXFileReference; fileEncoding = 4; lastKnownFileType = text.json; path = apple.json; sourceTree = "<group>"; };
		69401B1528B2AFDC004A1E60 /* Option.storyboard */ = {isa = PBXFileReference; lastKnownFileType = file.storyboard; path = Option.storyboard; sourceTree = "<group>"; };
		69CBC9C42886677D00D7653C /* Model.swift */ = {isa = PBXFileReference; lastKnownFileType = sourcecode.swift; path = Model.swift; sourceTree = "<group>"; };
		69CBC9C728866FE400D7653C /* TableViewCell.swift */ = {isa = PBXFileReference; lastKnownFileType = sourcecode.swift; path = TableViewCell.swift; sourceTree = "<group>"; };
		69CBC9C828866FE400D7653C /* TableViewCell.xib */ = {isa = PBXFileReference; lastKnownFileType = file.xib; path = TableViewCell.xib; sourceTree = "<group>"; };
		69CBC9CC288D94D300D7653C /* String.swift */ = {isa = PBXFileReference; lastKnownFileType = sourcecode.swift; path = String.swift; sourceTree = "<group>"; };
		69CBC9CE288FE51A00D7653C /* Memo+Extension.swift */ = {isa = PBXFileReference; lastKnownFileType = sourcecode.swift; path = "Memo+Extension.swift"; sourceTree = "<group>"; };
		69CBC9D028911BFD00D7653C /* Date.swift */ = {isa = PBXFileReference; lastKnownFileType = sourcecode.swift; path = Date.swift; sourceTree = "<group>"; };
		69E2EE7C2883FABB00828016 /* AppleMemo.app */ = {isa = PBXFileReference; explicitFileType = wrapper.application; includeInIndex = 0; path = AppleMemo.app; sourceTree = BUILT_PRODUCTS_DIR; };
		69E2EE7F2883FABB00828016 /* AppDelegate.swift */ = {isa = PBXFileReference; lastKnownFileType = sourcecode.swift; path = AppDelegate.swift; sourceTree = "<group>"; };
		69E2EE812883FABB00828016 /* SceneDelegate.swift */ = {isa = PBXFileReference; lastKnownFileType = sourcecode.swift; path = SceneDelegate.swift; sourceTree = "<group>"; };
		69E2EE832883FABB00828016 /* ViewController.swift */ = {isa = PBXFileReference; lastKnownFileType = sourcecode.swift; path = ViewController.swift; sourceTree = "<group>"; };
		69E2EE862883FABB00828016 /* Base */ = {isa = PBXFileReference; lastKnownFileType = file.storyboard; name = Base; path = Base.lproj/Main.storyboard; sourceTree = "<group>"; };
		69E2EE882883FABF00828016 /* Assets.xcassets */ = {isa = PBXFileReference; lastKnownFileType = folder.assetcatalog; path = Assets.xcassets; sourceTree = "<group>"; };
		69E2EE8B2883FABF00828016 /* Base */ = {isa = PBXFileReference; lastKnownFileType = file.storyboard; name = Base; path = Base.lproj/LaunchScreen.storyboard; sourceTree = "<group>"; };
		69E2EE8D2883FABF00828016 /* Info.plist */ = {isa = PBXFileReference; lastKnownFileType = text.plist.xml; path = Info.plist; sourceTree = "<group>"; };
		69E2EE952884278A00828016 /* Detail.storyboard */ = {isa = PBXFileReference; lastKnownFileType = file.storyboard; path = Detail.storyboard; sourceTree = "<group>"; };
		69E2EE97288427C200828016 /* DetailViewController.swift */ = {isa = PBXFileReference; lastKnownFileType = sourcecode.swift; path = DetailViewController.swift; sourceTree = "<group>"; };
		69EC23FE2897F192007001EA /* optionViewController.swift */ = {isa = PBXFileReference; lastKnownFileType = sourcecode.swift; path = optionViewController.swift; sourceTree = "<group>"; };
		69EC2403289B8000007001EA /* optionTableViewCell.swift */ = {isa = PBXFileReference; lastKnownFileType = sourcecode.swift; path = optionTableViewCell.swift; sourceTree = "<group>"; };
		69EC2404289B8000007001EA /* optionTableViewCell.xib */ = {isa = PBXFileReference; lastKnownFileType = file.xib; path = optionTableViewCell.xib; sourceTree = "<group>"; };
		69EC2407289BB53A007001EA /* SettingSection.swift */ = {isa = PBXFileReference; lastKnownFileType = sourcecode.swift; path = SettingSection.swift; sourceTree = "<group>"; };
		BC2638ED51EBF9E525C41C4A /* Pods-AppleMemo.debug.xcconfig */ = {isa = PBXFileReference; includeInIndex = 1; lastKnownFileType = text.xcconfig; name = "Pods-AppleMemo.debug.xcconfig"; path = "Target Support Files/Pods-AppleMemo/Pods-AppleMemo.debug.xcconfig"; sourceTree = "<group>"; };
		F7C52A3F693B43A1C25A7076 /* Pods-AppleMemo.release.xcconfig */ = {isa = PBXFileReference; includeInIndex = 1; lastKnownFileType = text.xcconfig; name = "Pods-AppleMemo.release.xcconfig"; path = "Target Support Files/Pods-AppleMemo/Pods-AppleMemo.release.xcconfig"; sourceTree = "<group>"; };
/* End PBXFileReference section */

/* Begin PBXFrameworksBuildPhase section */
		69E2EE792883FABB00828016 /* Frameworks */ = {
			isa = PBXFrameworksBuildPhase;
			buildActionMask = 2147483647;
			files = (
				69CBC9C32886675900D7653C /* RealmSwift in Frameworks */,
				69CBC9C12886675900D7653C /* Realm in Frameworks */,
				AC6B8859E78D508986051DD4 /* Pods_AppleMemo.framework in Frameworks */,
			);
			runOnlyForDeploymentPostprocessing = 0;
		};
/* End PBXFrameworksBuildPhase section */

/* Begin PBXGroup section */
		69401B0A28B2AE10004A1E60 /* Global */ = {
			isa = PBXGroup;
			children = (
				69401B0C28B2AE76004A1E60 /* Application */,
				69401B0B28B2AE2A004A1E60 /* Supporting Files */,
				69CBC9C62886678F00D7653C /* Model */,
				69CBC9D228913C5600D7653C /* Extension */,
			);
			path = Global;
			sourceTree = "<group>";
		};
		69401B0B28B2AE2A004A1E60 /* Supporting Files */ = {
			isa = PBXGroup;
			children = (
				69E2EE882883FABF00828016 /* Assets.xcassets */,
				69E2EE8A2883FABF00828016 /* LaunchScreen.storyboard */,
			);
			path = "Supporting Files";
			sourceTree = "<group>";
		};
		69401B0C28B2AE76004A1E60 /* Application */ = {
			isa = PBXGroup;
			children = (
				69E2EE7F2883FABB00828016 /* AppDelegate.swift */,
				69E2EE812883FABB00828016 /* SceneDelegate.swift */,
			);
			path = Application;
			sourceTree = "<group>";
		};
		69401B0D28B2AEB4004A1E60 /* Screen */ = {
			isa = PBXGroup;
			children = (
				69401B0E28B2AEC7004A1E60 /* Main */,
				69401B0F28B2AED1004A1E60 /* Detail */,
				69401B1028B2AEDA004A1E60 /* Option */,
			);
			path = Screen;
			sourceTree = "<group>";
		};
		69401B0E28B2AEC7004A1E60 /* Main */ = {
			isa = PBXGroup;
			children = (
				69401B1428B2AF30004A1E60 /* Controller */,
				69401B1328B2AF2B004A1E60 /* View */,
			);
			path = Main;
			sourceTree = "<group>";
		};
		69401B0F28B2AED1004A1E60 /* Detail */ = {
			isa = PBXGroup;
			children = (
				69401B1228B2AF08004A1E60 /* Controller */,
				69401B1128B2AEF7004A1E60 /* View */,
			);
			path = Detail;
			sourceTree = "<group>";
		};
		69401B1028B2AEDA004A1E60 /* Option */ = {
			isa = PBXGroup;
			children = (
				69401B1828B2B0C2004A1E60 /* Controller */,
				69401B1728B2B0A5004A1E60 /* View */,
			);
			path = Option;
			sourceTree = "<group>";
		};
		69401B1128B2AEF7004A1E60 /* View */ = {
			isa = PBXGroup;
			children = (
				69E2EE952884278A00828016 /* Detail.storyboard */,
			);
			path = View;
			sourceTree = "<group>";
		};
		69401B1228B2AF08004A1E60 /* Controller */ = {
			isa = PBXGroup;
			children = (
				69E2EE97288427C200828016 /* DetailViewController.swift */,
			);
			path = Controller;
			sourceTree = "<group>";
		};
		69401B1328B2AF2B004A1E60 /* View */ = {
			isa = PBXGroup;
			children = (
				69E2EE852883FABB00828016 /* Main.storyboard */,
				69CBC9CB28866FFD00D7653C /* Cell */,
			);
			path = View;
			sourceTree = "<group>";
		};
		69401B1428B2AF30004A1E60 /* Controller */ = {
			isa = PBXGroup;
			children = (
				69E2EE832883FABB00828016 /* ViewController.swift */,
			);
			path = Controller;
			sourceTree = "<group>";
		};
		69401B1728B2B0A5004A1E60 /* View */ = {
			isa = PBXGroup;
			children = (
				69401B1528B2AFDC004A1E60 /* Option.storyboard */,
				69401B1928B2B10B004A1E60 /* Cell */,
			);
			path = View;
			sourceTree = "<group>";
		};
		69401B1828B2B0C2004A1E60 /* Controller */ = {
			isa = PBXGroup;
			children = (
				69EC23FE2897F192007001EA /* optionViewController.swift */,
				69EC2407289BB53A007001EA /* SettingSection.swift */,
				69401ABE289BDB11004A1E60 /* infoViewController.swift */,
			);
			path = Controller;
			sourceTree = "<group>";
		};
		69401B1928B2B10B004A1E60 /* Cell */ = {
			isa = PBXGroup;
			children = (
				69EC2403289B8000007001EA /* optionTableViewCell.swift */,
				69EC2404289B8000007001EA /* optionTableViewCell.xib */,
			);
			path = Cell;
			sourceTree = "<group>";
		};
		69CBC9C62886678F00D7653C /* Model */ = {
			isa = PBXGroup;
			children = (
				69CBC9C42886677D00D7653C /* Model.swift */,
			);
			path = Model;
			sourceTree = "<group>";
		};
		69CBC9CB28866FFD00D7653C /* Cell */ = {
			isa = PBXGroup;
			children = (
				69CBC9C728866FE400D7653C /* TableViewCell.swift */,
				69CBC9C828866FE400D7653C /* TableViewCell.xib */,
			);
			path = Cell;
			sourceTree = "<group>";
		};
		69CBC9D228913C5600D7653C /* Extension */ = {
			isa = PBXGroup;
			children = (
				69CBC9CE288FE51A00D7653C /* Memo+Extension.swift */,
				69CBC9D028911BFD00D7653C /* Date.swift */,
				69CBC9CC288D94D300D7653C /* String.swift */,
			);
			name = Extension;
			path = ..;
			sourceTree = "<group>";
		};
		69E2EE732883FABB00828016 = {
			isa = PBXGroup;
			children = (
				69E2EE7E2883FABB00828016 /* AppleMemo */,
				69E2EE7D2883FABB00828016 /* Products */,
				B64AF2B7D74020AD7CA89771 /* Pods */,
				D5FE0BFBDC2B97D7C991DC69 /* Frameworks */,
			);
			sourceTree = "<group>";
		};
		69E2EE7D2883FABB00828016 /* Products */ = {
			isa = PBXGroup;
			children = (
				69E2EE7C2883FABB00828016 /* AppleMemo.app */,
			);
			name = Products;
			sourceTree = "<group>";
		};
		69E2EE7E2883FABB00828016 /* AppleMemo */ = {
			isa = PBXGroup;
			children = (
				69E2EE8D2883FABF00828016 /* Info.plist */,
				69401B0D28B2AEB4004A1E60 /* Screen */,
				69401B0A28B2AE10004A1E60 /* Global */,
				69401AC0289BEDEE004A1E60 /* apple.json */,
			);
			path = AppleMemo;
			sourceTree = "<group>";
		};
		B64AF2B7D74020AD7CA89771 /* Pods */ = {
			isa = PBXGroup;
			children = (
				BC2638ED51EBF9E525C41C4A /* Pods-AppleMemo.debug.xcconfig */,
				F7C52A3F693B43A1C25A7076 /* Pods-AppleMemo.release.xcconfig */,
			);
			path = Pods;
			sourceTree = "<group>";
		};
		D5FE0BFBDC2B97D7C991DC69 /* Frameworks */ = {
			isa = PBXGroup;
			children = (
				4BCD621AA6709274FEF83931 /* Pods_AppleMemo.framework */,
			);
			name = Frameworks;
			sourceTree = "<group>";
		};
/* End PBXGroup section */

/* Begin PBXNativeTarget section */
		69E2EE7B2883FABB00828016 /* AppleMemo */ = {
			isa = PBXNativeTarget;
			buildConfigurationList = 69E2EE902883FABF00828016 /* Build configuration list for PBXNativeTarget "AppleMemo" */;
			buildPhases = (
				F30AA2842D17A6D69972B787 /* [CP] Check Pods Manifest.lock */,
				69E2EE782883FABB00828016 /* Sources */,
				69E2EE792883FABB00828016 /* Frameworks */,
				69E2EE7A2883FABB00828016 /* Resources */,
				0B63A00A5899C44BEA031A2B /* [CP] Embed Pods Frameworks */,
			);
			buildRules = (
			);
			dependencies = (
			);
			name = AppleMemo;
			packageProductDependencies = (
				69CBC9C02886675900D7653C /* Realm */,
				69CBC9C22886675900D7653C /* RealmSwift */,
			);
			productName = AppleMemo;
			productReference = 69E2EE7C2883FABB00828016 /* AppleMemo.app */;
			productType = "com.apple.product-type.application";
		};
/* End PBXNativeTarget section */

/* Begin PBXProject section */
		69E2EE742883FABB00828016 /* Project object */ = {
			isa = PBXProject;
			attributes = {
				BuildIndependentTargetsInParallel = 1;
				LastSwiftUpdateCheck = 1320;
				LastUpgradeCheck = 1320;
				TargetAttributes = {
					69E2EE7B2883FABB00828016 = {
						CreatedOnToolsVersion = 13.2.1;
					};
				};
			};
			buildConfigurationList = 69E2EE772883FABB00828016 /* Build configuration list for PBXProject "AppleMemo" */;
			compatibilityVersion = "Xcode 13.0";
			developmentRegion = en;
			hasScannedForEncodings = 0;
			knownRegions = (
				en,
				Base,
			);
			mainGroup = 69E2EE732883FABB00828016;
			packageReferences = (
				69CBC9BF2886675900D7653C /* XCRemoteSwiftPackageReference "realm-cocoa" */,
			);
			productRefGroup = 69E2EE7D2883FABB00828016 /* Products */;
			projectDirPath = "";
			projectRoot = "";
			targets = (
				69E2EE7B2883FABB00828016 /* AppleMemo */,
			);
		};
/* End PBXProject section */

/* Begin PBXResourcesBuildPhase section */
		69E2EE7A2883FABB00828016 /* Resources */ = {
			isa = PBXResourcesBuildPhase;
			buildActionMask = 2147483647;
			files = (
				69E2EE8C2883FABF00828016 /* LaunchScreen.storyboard in Resources */,
				69401B1628B2AFDC004A1E60 /* Option.storyboard in Resources */,
				69EC24002897F6BF007001EA /* Main.storyboard in Resources */,
				69EC2406289B8000007001EA /* optionTableViewCell.xib in Resources */,
				69CBC9CA28866FE400D7653C /* TableViewCell.xib in Resources */,
				69E2EE892883FABF00828016 /* Assets.xcassets in Resources */,
				69401AC1289BEDEE004A1E60 /* apple.json in Resources */,
				69E2EE962884278B00828016 /* Detail.storyboard in Resources */,
			);
			runOnlyForDeploymentPostprocessing = 0;
		};
/* End PBXResourcesBuildPhase section */

/* Begin PBXShellScriptBuildPhase section */
		0B63A00A5899C44BEA031A2B /* [CP] Embed Pods Frameworks */ = {
			isa = PBXShellScriptBuildPhase;
			buildActionMask = 2147483647;
			files = (
			);
			inputFileListPaths = (
				"${PODS_ROOT}/Target Support Files/Pods-AppleMemo/Pods-AppleMemo-frameworks-${CONFIGURATION}-input-files.xcfilelist",
			);
			name = "[CP] Embed Pods Frameworks";
			outputFileListPaths = (
				"${PODS_ROOT}/Target Support Files/Pods-AppleMemo/Pods-AppleMemo-frameworks-${CONFIGURATION}-output-files.xcfilelist",
			);
			runOnlyForDeploymentPostprocessing = 0;
			shellPath = /bin/sh;
			shellScript = "\"${PODS_ROOT}/Target Support Files/Pods-AppleMemo/Pods-AppleMemo-frameworks.sh\"\n";
			showEnvVarsInLog = 0;
		};
		F30AA2842D17A6D69972B787 /* [CP] Check Pods Manifest.lock */ = {
			isa = PBXShellScriptBuildPhase;
			buildActionMask = 2147483647;
			files = (
			);
			inputFileListPaths = (
			);
			inputPaths = (
				"${PODS_PODFILE_DIR_PATH}/Podfile.lock",
				"${PODS_ROOT}/Manifest.lock",
			);
			name = "[CP] Check Pods Manifest.lock";
			outputFileListPaths = (
			);
			outputPaths = (
				"$(DERIVED_FILE_DIR)/Pods-AppleMemo-checkManifestLockResult.txt",
			);
			runOnlyForDeploymentPostprocessing = 0;
			shellPath = /bin/sh;
			shellScript = "diff \"${PODS_PODFILE_DIR_PATH}/Podfile.lock\" \"${PODS_ROOT}/Manifest.lock\" > /dev/null\nif [ $? != 0 ] ; then\n    # print error to STDERR\n    echo \"error: The sandbox is not in sync with the Podfile.lock. Run 'pod install' or update your CocoaPods installation.\" >&2\n    exit 1\nfi\n# This output is used by Xcode 'outputs' to avoid re-running this script phase.\necho \"SUCCESS\" > \"${SCRIPT_OUTPUT_FILE_0}\"\n";
			showEnvVarsInLog = 0;
		};
/* End PBXShellScriptBuildPhase section */

/* Begin PBXSourcesBuildPhase section */
		69E2EE782883FABB00828016 /* Sources */ = {
			isa = PBXSourcesBuildPhase;
			buildActionMask = 2147483647;
			files = (
				69E2EE842883FABB00828016 /* ViewController.swift in Sources */,
				69401ABF289BDB11004A1E60 /* infoViewController.swift in Sources */,
				69E2EE802883FABB00828016 /* AppDelegate.swift in Sources */,
				69EC2408289BB53A007001EA /* SettingSection.swift in Sources */,
				69CBC9C52886677D00D7653C /* Model.swift in Sources */,
				69CBC9CF288FE51B00D7653C /* Memo+Extension.swift in Sources */,
				69CBC9C928866FE400D7653C /* TableViewCell.swift in Sources */,
				69CBC9CD288D94D300D7653C /* String.swift in Sources */,
				69EC2405289B8000007001EA /* optionTableViewCell.swift in Sources */,
				69E2EE822883FABB00828016 /* SceneDelegate.swift in Sources */,
				69EC23FF2897F192007001EA /* optionViewController.swift in Sources */,
				69CBC9D128911BFD00D7653C /* Date.swift in Sources */,
				69E2EE98288427C200828016 /* DetailViewController.swift in Sources */,
			);
			runOnlyForDeploymentPostprocessing = 0;
		};
/* End PBXSourcesBuildPhase section */

/* Begin PBXVariantGroup section */
		69E2EE852883FABB00828016 /* Main.storyboard */ = {
			isa = PBXVariantGroup;
			children = (
				69E2EE862883FABB00828016 /* Base */,
			);
			name = Main.storyboard;
			sourceTree = "<group>";
		};
		69E2EE8A2883FABF00828016 /* LaunchScreen.storyboard */ = {
			isa = PBXVariantGroup;
			children = (
				69E2EE8B2883FABF00828016 /* Base */,
			);
			name = LaunchScreen.storyboard;
			sourceTree = "<group>";
		};
/* End PBXVariantGroup section */

/* Begin XCBuildConfiguration section */
		69E2EE8E2883FABF00828016 /* Debug */ = {
			isa = XCBuildConfiguration;
			buildSettings = {
				ALWAYS_SEARCH_USER_PATHS = NO;
				CLANG_ANALYZER_NONNULL = YES;
				CLANG_ANALYZER_NUMBER_OBJECT_CONVERSION = YES_AGGRESSIVE;
				CLANG_CXX_LANGUAGE_STANDARD = "gnu++17";
				CLANG_CXX_LIBRARY = "libc++";
				CLANG_ENABLE_MODULES = YES;
				CLANG_ENABLE_OBJC_ARC = YES;
				CLANG_ENABLE_OBJC_WEAK = YES;
				CLANG_WARN_BLOCK_CAPTURE_AUTORELEASING = YES;
				CLANG_WARN_BOOL_CONVERSION = YES;
				CLANG_WARN_COMMA = YES;
				CLANG_WARN_CONSTANT_CONVERSION = YES;
				CLANG_WARN_DEPRECATED_OBJC_IMPLEMENTATIONS = YES;
				CLANG_WARN_DIRECT_OBJC_ISA_USAGE = YES_ERROR;
				CLANG_WARN_DOCUMENTATION_COMMENTS = YES;
				CLANG_WARN_EMPTY_BODY = YES;
				CLANG_WARN_ENUM_CONVERSION = YES;
				CLANG_WARN_INFINITE_RECURSION = YES;
				CLANG_WARN_INT_CONVERSION = YES;
				CLANG_WARN_NON_LITERAL_NULL_CONVERSION = YES;
				CLANG_WARN_OBJC_IMPLICIT_RETAIN_SELF = YES;
				CLANG_WARN_OBJC_LITERAL_CONVERSION = YES;
				CLANG_WARN_OBJC_ROOT_CLASS = YES_ERROR;
				CLANG_WARN_QUOTED_INCLUDE_IN_FRAMEWORK_HEADER = YES;
				CLANG_WARN_RANGE_LOOP_ANALYSIS = YES;
				CLANG_WARN_STRICT_PROTOTYPES = YES;
				CLANG_WARN_SUSPICIOUS_MOVE = YES;
				CLANG_WARN_UNGUARDED_AVAILABILITY = YES_AGGRESSIVE;
				CLANG_WARN_UNREACHABLE_CODE = YES;
				CLANG_WARN__DUPLICATE_METHOD_MATCH = YES;
				COPY_PHASE_STRIP = NO;
				DEBUG_INFORMATION_FORMAT = dwarf;
				ENABLE_STRICT_OBJC_MSGSEND = YES;
				ENABLE_TESTABILITY = YES;
				GCC_C_LANGUAGE_STANDARD = gnu11;
				GCC_DYNAMIC_NO_PIC = NO;
				GCC_NO_COMMON_BLOCKS = YES;
				GCC_OPTIMIZATION_LEVEL = 0;
				GCC_PREPROCESSOR_DEFINITIONS = (
					"DEBUG=1",
					"$(inherited)",
				);
				GCC_WARN_64_TO_32_BIT_CONVERSION = YES;
				GCC_WARN_ABOUT_RETURN_TYPE = YES_ERROR;
				GCC_WARN_UNDECLARED_SELECTOR = YES;
				GCC_WARN_UNINITIALIZED_AUTOS = YES_AGGRESSIVE;
				GCC_WARN_UNUSED_FUNCTION = YES;
				GCC_WARN_UNUSED_VARIABLE = YES;
				IPHONEOS_DEPLOYMENT_TARGET = 15.2;
				MTL_ENABLE_DEBUG_INFO = INCLUDE_SOURCE;
				MTL_FAST_MATH = YES;
				ONLY_ACTIVE_ARCH = YES;
				SDKROOT = iphoneos;
				SWIFT_ACTIVE_COMPILATION_CONDITIONS = DEBUG;
				SWIFT_OPTIMIZATION_LEVEL = "-Onone";
			};
			name = Debug;
		};
		69E2EE8F2883FABF00828016 /* Release */ = {
			isa = XCBuildConfiguration;
			buildSettings = {
				ALWAYS_SEARCH_USER_PATHS = NO;
				CLANG_ANALYZER_NONNULL = YES;
				CLANG_ANALYZER_NUMBER_OBJECT_CONVERSION = YES_AGGRESSIVE;
				CLANG_CXX_LANGUAGE_STANDARD = "gnu++17";
				CLANG_CXX_LIBRARY = "libc++";
				CLANG_ENABLE_MODULES = YES;
				CLANG_ENABLE_OBJC_ARC = YES;
				CLANG_ENABLE_OBJC_WEAK = YES;
				CLANG_WARN_BLOCK_CAPTURE_AUTORELEASING = YES;
				CLANG_WARN_BOOL_CONVERSION = YES;
				CLANG_WARN_COMMA = YES;
				CLANG_WARN_CONSTANT_CONVERSION = YES;
				CLANG_WARN_DEPRECATED_OBJC_IMPLEMENTATIONS = YES;
				CLANG_WARN_DIRECT_OBJC_ISA_USAGE = YES_ERROR;
				CLANG_WARN_DOCUMENTATION_COMMENTS = YES;
				CLANG_WARN_EMPTY_BODY = YES;
				CLANG_WARN_ENUM_CONVERSION = YES;
				CLANG_WARN_INFINITE_RECURSION = YES;
				CLANG_WARN_INT_CONVERSION = YES;
				CLANG_WARN_NON_LITERAL_NULL_CONVERSION = YES;
				CLANG_WARN_OBJC_IMPLICIT_RETAIN_SELF = YES;
				CLANG_WARN_OBJC_LITERAL_CONVERSION = YES;
				CLANG_WARN_OBJC_ROOT_CLASS = YES_ERROR;
				CLANG_WARN_QUOTED_INCLUDE_IN_FRAMEWORK_HEADER = YES;
				CLANG_WARN_RANGE_LOOP_ANALYSIS = YES;
				CLANG_WARN_STRICT_PROTOTYPES = YES;
				CLANG_WARN_SUSPICIOUS_MOVE = YES;
				CLANG_WARN_UNGUARDED_AVAILABILITY = YES_AGGRESSIVE;
				CLANG_WARN_UNREACHABLE_CODE = YES;
				CLANG_WARN__DUPLICATE_METHOD_MATCH = YES;
				COPY_PHASE_STRIP = NO;
				DEBUG_INFORMATION_FORMAT = "dwarf-with-dsym";
				ENABLE_NS_ASSERTIONS = NO;
				ENABLE_STRICT_OBJC_MSGSEND = YES;
				GCC_C_LANGUAGE_STANDARD = gnu11;
				GCC_NO_COMMON_BLOCKS = YES;
				GCC_WARN_64_TO_32_BIT_CONVERSION = YES;
				GCC_WARN_ABOUT_RETURN_TYPE = YES_ERROR;
				GCC_WARN_UNDECLARED_SELECTOR = YES;
				GCC_WARN_UNINITIALIZED_AUTOS = YES_AGGRESSIVE;
				GCC_WARN_UNUSED_FUNCTION = YES;
				GCC_WARN_UNUSED_VARIABLE = YES;
				IPHONEOS_DEPLOYMENT_TARGET = 15.2;
				MTL_ENABLE_DEBUG_INFO = NO;
				MTL_FAST_MATH = YES;
				SDKROOT = iphoneos;
				SWIFT_COMPILATION_MODE = wholemodule;
				SWIFT_OPTIMIZATION_LEVEL = "-O";
				VALIDATE_PRODUCT = YES;
			};
			name = Release;
		};
		69E2EE912883FABF00828016 /* Debug */ = {
			isa = XCBuildConfiguration;
			baseConfigurationReference = BC2638ED51EBF9E525C41C4A /* Pods-AppleMemo.debug.xcconfig */;
			buildSettings = {
				ASSETCATALOG_COMPILER_APPICON_NAME = AppIcon;
				ASSETCATALOG_COMPILER_GLOBAL_ACCENT_COLOR_NAME = AccentColor;
				CODE_SIGN_STYLE = Automatic;
				CURRENT_PROJECT_VERSION = 1;
				DEVELOPMENT_TEAM = 8LJ2P85FNV;
				GENERATE_INFOPLIST_FILE = YES;
				INFOPLIST_FILE = AppleMemo/Info.plist;
				INFOPLIST_KEY_UIApplicationSupportsIndirectInputEvents = YES;
				INFOPLIST_KEY_UILaunchStoryboardName = LaunchScreen;
				INFOPLIST_KEY_UIMainStoryboardFile = Main;
				INFOPLIST_KEY_UISupportedInterfaceOrientations_iPad = "UIInterfaceOrientationPortrait UIInterfaceOrientationPortraitUpsideDown UIInterfaceOrientationLandscapeLeft UIInterfaceOrientationLandscapeRight";
				INFOPLIST_KEY_UISupportedInterfaceOrientations_iPhone = "UIInterfaceOrientationPortrait UIInterfaceOrientationLandscapeLeft UIInterfaceOrientationLandscapeRight";
				LD_RUNPATH_SEARCH_PATHS = (
					"$(inherited)",
					"@executable_path/Frameworks",
				);
				MARKETING_VERSION = 1.0;
				PRODUCT_BUNDLE_IDENTIFIER = learnSwift.AppleMemo;
				PRODUCT_NAME = "$(TARGET_NAME)";
				SWIFT_EMIT_LOC_STRINGS = YES;
				SWIFT_VERSION = 5.0;
				TARGETED_DEVICE_FAMILY = "1,2";
			};
			name = Debug;
		};
		69E2EE922883FABF00828016 /* Release */ = {
			isa = XCBuildConfiguration;
			baseConfigurationReference = F7C52A3F693B43A1C25A7076 /* Pods-AppleMemo.release.xcconfig */;
			buildSettings = {
				ASSETCATALOG_COMPILER_APPICON_NAME = AppIcon;
				ASSETCATALOG_COMPILER_GLOBAL_ACCENT_COLOR_NAME = AccentColor;
				CODE_SIGN_STYLE = Automatic;
				CURRENT_PROJECT_VERSION = 1;
				DEVELOPMENT_TEAM = 8LJ2P85FNV;
				GENERATE_INFOPLIST_FILE = YES;
				INFOPLIST_FILE = AppleMemo/Info.plist;
				INFOPLIST_KEY_UIApplicationSupportsIndirectInputEvents = YES;
				INFOPLIST_KEY_UILaunchStoryboardName = LaunchScreen;
				INFOPLIST_KEY_UIMainStoryboardFile = Main;
				INFOPLIST_KEY_UISupportedInterfaceOrientations_iPad = "UIInterfaceOrientationPortrait UIInterfaceOrientationPortraitUpsideDown UIInterfaceOrientationLandscapeLeft UIInterfaceOrientationLandscapeRight";
				INFOPLIST_KEY_UISupportedInterfaceOrientations_iPhone = "UIInterfaceOrientationPortrait UIInterfaceOrientationLandscapeLeft UIInterfaceOrientationLandscapeRight";
				LD_RUNPATH_SEARCH_PATHS = (
					"$(inherited)",
					"@executable_path/Frameworks",
				);
				MARKETING_VERSION = 1.0;
				PRODUCT_BUNDLE_IDENTIFIER = learnSwift.AppleMemo;
				PRODUCT_NAME = "$(TARGET_NAME)";
				SWIFT_EMIT_LOC_STRINGS = YES;
				SWIFT_VERSION = 5.0;
				TARGETED_DEVICE_FAMILY = "1,2";
			};
			name = Release;
		};
/* End XCBuildConfiguration section */

/* Begin XCConfigurationList section */
		69E2EE772883FABB00828016 /* Build configuration list for PBXProject "AppleMemo" */ = {
			isa = XCConfigurationList;
			buildConfigurations = (
				69E2EE8E2883FABF00828016 /* Debug */,
				69E2EE8F2883FABF00828016 /* Release */,
			);
			defaultConfigurationIsVisible = 0;
			defaultConfigurationName = Release;
		};
		69E2EE902883FABF00828016 /* Build configuration list for PBXNativeTarget "AppleMemo" */ = {
			isa = XCConfigurationList;
			buildConfigurations = (
				69E2EE912883FABF00828016 /* Debug */,
				69E2EE922883FABF00828016 /* Release */,
			);
			defaultConfigurationIsVisible = 0;
			defaultConfigurationName = Release;
		};
/* End XCConfigurationList section */

/* Begin XCRemoteSwiftPackageReference section */
		69CBC9BF2886675900D7653C /* XCRemoteSwiftPackageReference "realm-cocoa" */ = {
			isa = XCRemoteSwiftPackageReference;
			repositoryURL = "https://github.com/realm/realm-cocoa.git";
			requirement = {
				branch = master;
				kind = branch;
			};
		};
/* End XCRemoteSwiftPackageReference section */

/* Begin XCSwiftPackageProductDependency section */
		69CBC9C02886675900D7653C /* Realm */ = {
			isa = XCSwiftPackageProductDependency;
			package = 69CBC9BF2886675900D7653C /* XCRemoteSwiftPackageReference "realm-cocoa" */;
			productName = Realm;
		};
		69CBC9C22886675900D7653C /* RealmSwift */ = {
			isa = XCSwiftPackageProductDependency;
			package = 69CBC9BF2886675900D7653C /* XCRemoteSwiftPackageReference "realm-cocoa" */;
			productName = RealmSwift;
		};
/* End XCSwiftPackageProductDependency section */
	};
	rootObject = 69E2EE742883FABB00828016 /* Project object */;
}
