PODS:
  - Alamofire (5.6.2)
  - KakaoSDKAuth (2.11.1):
    - KakaoSDKCommon (= 2.11.1)
  - KakaoSDKCommon (2.11.1):
    - KakaoSDKCommon/Common (= 2.11.1)
    - KakaoSDKCommon/Network (= 2.11.1)
  - KakaoSDKCommon/Common (2.11.1)
  - KakaoSDKCommon/Network (2.11.1):
    - Alamofire (~> 5.1)
    - KakaoSDKCommon/Common (= 2.11.1)
  - KakaoSDKTalk (2.11.1):
    - KakaoSDKTemplate (= 2.11.1)
    - KakaoSDKUser (= 2.11.1)
  - KakaoSDKTemplate (2.11.1):
    - KakaoSDKCommon/Common (= 2.11.1)
  - KakaoSDKUser (2.11.1):
    - KakaoSDKAuth (= 2.11.1)
  - naveridlogin-sdk-ios (4.1.5)
  - SnapKit (5.6.0)
  - Then (3.0.0)

DEPENDENCIES:
  - KakaoSDKAuth
  - KakaoSDKCommon
  - KakaoSDKTalk
  - KakaoSDKUser
  - naveridlogin-sdk-ios
  - SnapKit (~> 5.6.0)
  - Then

SPEC REPOS:
  trunk:
    - Alamofire
    - KakaoSDKAuth
    - KakaoSDKCommon
    - KakaoSDKTalk
    - KakaoSDKTemplate
    - KakaoSDKUser
    - naveridlogin-sdk-ios
    - SnapKit
    - Then

SPEC CHECKSUMS:
  Alamofire: d368e1ff8a298e6dde360e35a3e68e6c610e7204
  KakaoSDKAuth: bb2dfa7be30daa8403c9cfc8001aa6fde7a5b779
  KakaoSDKCommon: 555e1bb46595b842ded01cf7888cc17bbae4e113
  KakaoSDKTalk: 504872e5b49e5ff104c65e37d54d2a8f04c606d3
  KakaoSDKTemplate: f8ee0b33f649e436c1aaf2a3a6bd6aa3dcae2451
  KakaoSDKUser: 08c0a4f40bebdebdf948a9e3d0e44ed5c2754f99
  naveridlogin-sdk-ios: 4351fe7162cd6b8b6dbb37bd7cc205304fa1d889
  SnapKit: e01d52ebb8ddbc333eefe2132acf85c8227d9c25
  Then: 844265ae87834bbe1147d91d5d41a404da2ec27d

PODFILE CHECKSUM: 84c650f3cada2a06b98f250ba59670e9c0163690

COCOAPODS: 1.11.3
