// !$*UTF8*$!
{
	archiveVersion = 1;
	classes = {
	};
	objectVersion = 55;
	objects = {

/* Begin PBXBuildFile section */
		690DDCA528B8D1D600C278E1 /* LogoutViewController.swift in Sources */ = {isa = PBXBuildFile; fileRef = 690DDCA428B8D1D600C278E1 /* LogoutViewController.swift */; };
		690DDCA728B9F1B300C278E1 /* UserDefaultInfo.swift in Sources */ = {isa = PBXBuildFile; fileRef = 690DDCA628B9F1B300C278E1 /* UserDefaultInfo.swift */; };
		69C9567528B66EAE00659534 /* AppDelegate.swift in Sources */ = {isa = PBXBuildFile; fileRef = 69C9567428B66EAE00659534 /* AppDelegate.swift */; };
		69C9567728B66EAE00659534 /* SceneDelegate.swift in Sources */ = {isa = PBXBuildFile; fileRef = 69C9567628B66EAE00659534 /* SceneDelegate.swift */; };
		69C9567928B66EAE00659534 /* ViewController.swift in Sources */ = {isa = PBXBuildFile; fileRef = 69C9567828B66EAE00659534 /* ViewController.swift */; };
		69C9567E28B66EB100659534 /* Assets.xcassets in Resources */ = {isa = PBXBuildFile; fileRef = 69C9567D28B66EB100659534 /* Assets.xcassets */; };
		69C9568128B66EB100659534 /* LaunchScreen.storyboard in Resources */ = {isa = PBXBuildFile; fileRef = 69C9567F28B66EB100659534 /* LaunchScreen.storyboard */; };
		A49A1E5BE05FE6DE486F15FA /* Pods_Social_Login.framework in Frameworks */ = {isa = PBXBuildFile; fileRef = 325AD644A785ECCD2B52B9C9 /* Pods_Social_Login.framework */; };
/* End PBXBuildFile section */

/* Begin PBXFileReference section */
		030EE91A94A65FF534A714B8 /* Pods-Social Login.debug.xcconfig */ = {isa = PBXFileReference; includeInIndex = 1; lastKnownFileType = text.xcconfig; name = "Pods-Social Login.debug.xcconfig"; path = "Target Support Files/Pods-Social Login/Pods-Social Login.debug.xcconfig"; sourceTree = "<group>"; };
		325AD644A785ECCD2B52B9C9 /* Pods_Social_Login.framework */ = {isa = PBXFileReference; explicitFileType = wrapper.framework; includeInIndex = 0; path = Pods_Social_Login.framework; sourceTree = BUILT_PRODUCTS_DIR; };
		690DDCA428B8D1D600C278E1 /* LogoutViewController.swift */ = {isa = PBXFileReference; lastKnownFileType = sourcecode.swift; path = LogoutViewController.swift; sourceTree = "<group>"; };
		690DDCA628B9F1B300C278E1 /* UserDefaultInfo.swift */ = {isa = PBXFileReference; lastKnownFileType = sourcecode.swift; path = UserDefaultInfo.swift; sourceTree = "<group>"; };
		69C9567128B66EAE00659534 /* Social Login.app */ = {isa = PBXFileReference; explicitFileType = wrapper.application; includeInIndex = 0; path = "Social Login.app"; sourceTree = BUILT_PRODUCTS_DIR; };
		69C9567428B66EAE00659534 /* AppDelegate.swift */ = {isa = PBXFileReference; lastKnownFileType = sourcecode.swift; path = AppDelegate.swift; sourceTree = "<group>"; };
		69C9567628B66EAE00659534 /* SceneDelegate.swift */ = {isa = PBXFileReference; lastKnownFileType = sourcecode.swift; path = SceneDelegate.swift; sourceTree = "<group>"; };
		69C9567828B66EAE00659534 /* ViewController.swift */ = {isa = PBXFileReference; lastKnownFileType = sourcecode.swift; path = ViewController.swift; sourceTree = "<group>"; };
		69C9567D28B66EB100659534 /* Assets.xcassets */ = {isa = PBXFileReference; lastKnownFileType = folder.assetcatalog; path = Assets.xcassets; sourceTree = "<group>"; };
		69C9568028B66EB100659534 /* Base */ = {isa = PBXFileReference; lastKnownFileType = file.storyboard; name = Base; path = Base.lproj/LaunchScreen.storyboard; sourceTree = "<group>"; };
		69C9568228B66EB100659534 /* Info.plist */ = {isa = PBXFileReference; lastKnownFileType = text.plist.xml; path = Info.plist; sourceTree = "<group>"; };
		891513B0A7FAC6CB9A732E30 /* Pods-Social Login.release.xcconfig */ = {isa = PBXFileReference; includeInIndex = 1; lastKnownFileType = text.xcconfig; name = "Pods-Social Login.release.xcconfig"; path = "Target Support Files/Pods-Social Login/Pods-Social Login.release.xcconfig"; sourceTree = "<group>"; };
/* End PBXFileReference section */

/* Begin PBXFrameworksBuildPhase section */
		69C9566E28B66EAE00659534 /* Frameworks */ = {
			isa = PBXFrameworksBuildPhase;
			buildActionMask = 2147483647;
			files = (
				A49A1E5BE05FE6DE486F15FA /* Pods_Social_Login.framework in Frameworks */,
			);
			runOnlyForDeploymentPostprocessing = 0;
		};
/* End PBXFrameworksBuildPhase section */

/* Begin PBXGroup section */
		2B2C28A6337F481405291620 /* Pods */ = {
			isa = PBXGroup;
			children = (
				030EE91A94A65FF534A714B8 /* Pods-Social Login.debug.xcconfig */,
				891513B0A7FAC6CB9A732E30 /* Pods-Social Login.release.xcconfig */,
			);
			path = Pods;
			sourceTree = "<group>";
		};
		690DDCA828BA41F600C278E1 /* Application */ = {
			isa = PBXGroup;
			children = (
				69C9567428B66EAE00659534 /* AppDelegate.swift */,
				69C9567628B66EAE00659534 /* SceneDelegate.swift */,
			);
			path = Application;
			sourceTree = "<group>";
		};
		690DDCA928BA421D00C278E1 /* Supporting Files */ = {
			isa = PBXGroup;
			children = (
				69C9567D28B66EB100659534 /* Assets.xcassets */,
				69C9567F28B66EB100659534 /* LaunchScreen.storyboard */,
			);
			path = "Supporting Files";
			sourceTree = "<group>";
		};
		69C9566828B66EAE00659534 = {
			isa = PBXGroup;
			children = (
				69C9567328B66EAE00659534 /* Social Login */,
				69C9567228B66EAE00659534 /* Products */,
				2B2C28A6337F481405291620 /* Pods */,
				D3D0EC602B38462F5EAB3210 /* Frameworks */,
			);
			sourceTree = "<group>";
		};
		69C9567228B66EAE00659534 /* Products */ = {
			isa = PBXGroup;
			children = (
				69C9567128B66EAE00659534 /* Social Login.app */,
			);
			name = Products;
			sourceTree = "<group>";
		};
		69C9567328B66EAE00659534 /* Social Login */ = {
			isa = PBXGroup;
			children = (
				690DDCA928BA421D00C278E1 /* Supporting Files */,
				690DDCA828BA41F600C278E1 /* Application */,
				69C9567828B66EAE00659534 /* ViewController.swift */,
				690DDCA428B8D1D600C278E1 /* LogoutViewController.swift */,
				690DDCA628B9F1B300C278E1 /* UserDefaultInfo.swift */,
				69C9568228B66EB100659534 /* Info.plist */,
			);
			path = "Social Login";
			sourceTree = "<group>";
		};
		D3D0EC602B38462F5EAB3210 /* Frameworks */ = {
			isa = PBXGroup;
			children = (
				325AD644A785ECCD2B52B9C9 /* Pods_Social_Login.framework */,
			);
			name = Frameworks;
			sourceTree = "<group>";
		};
/* End PBXGroup section */

/* Begin PBXNativeTarget section */
		69C9567028B66EAE00659534 /* Social Login */ = {
			isa = PBXNativeTarget;
			buildConfigurationList = 69C9568528B66EB100659534 /* Build configuration list for PBXNativeTarget "Social Login" */;
			buildPhases = (
				3A1936021E82DE3BA1069A7C /* [CP] Check Pods Manifest.lock */,
				69C9566D28B66EAE00659534 /* Sources */,
				69C9566E28B66EAE00659534 /* Frameworks */,
				69C9566F28B66EAE00659534 /* Resources */,
				D8A32F1268E7AB26D98C678E /* [CP] Embed Pods Frameworks */,
			);
			buildRules = (
			);
			dependencies = (
			);
			name = "Social Login";
			productName = "Social Login";
			productReference = 69C9567128B66EAE00659534 /* Social Login.app */;
			productType = "com.apple.product-type.application";
		};
/* End PBXNativeTarget section */

/* Begin PBXProject section */
		69C9566928B66EAE00659534 /* Project object */ = {
			isa = PBXProject;
			attributes = {
				BuildIndependentTargetsInParallel = 1;
				LastSwiftUpdateCheck = 1320;
				LastUpgradeCheck = 1320;
				TargetAttributes = {
					69C9567028B66EAE00659534 = {
						CreatedOnToolsVersion = 13.2.1;
					};
				};
			};
			buildConfigurationList = 69C9566C28B66EAE00659534 /* Build configuration list for PBXProject "Social Login" */;
			compatibilityVersion = "Xcode 13.0";
			developmentRegion = en;
			hasScannedForEncodings = 0;
			knownRegions = (
				en,
				Base,
			);
			mainGroup = 69C9566828B66EAE00659534;
			productRefGroup = 69C9567228B66EAE00659534 /* Products */;
			projectDirPath = "";
			projectRoot = "";
			targets = (
				69C9567028B66EAE00659534 /* Social Login */,
			);
		};
/* End PBXProject section */

/* Begin PBXResourcesBuildPhase section */
		69C9566F28B66EAE00659534 /* Resources */ = {
			isa = PBXResourcesBuildPhase;
			buildActionMask = 2147483647;
			files = (
				69C9568128B66EB100659534 /* LaunchScreen.storyboard in Resources */,
				69C9567E28B66EB100659534 /* Assets.xcassets in Resources */,
			);
			runOnlyForDeploymentPostprocessing = 0;
		};
/* End PBXResourcesBuildPhase section */

/* Begin PBXShellScriptBuildPhase section */
		3A1936021E82DE3BA1069A7C /* [CP] Check Pods Manifest.lock */ = {
			isa = PBXShellScriptBuildPhase;
			buildActionMask = 2147483647;
			files = (
			);
			inputFileListPaths = (
			);
			inputPaths = (
				"${PODS_PODFILE_DIR_PATH}/Podfile.lock",
				"${PODS_ROOT}/Manifest.lock",
			);
			name = "[CP] Check Pods Manifest.lock";
			outputFileListPaths = (
			);
			outputPaths = (
				"$(DERIVED_FILE_DIR)/Pods-Social Login-checkManifestLockResult.txt",
			);
			runOnlyForDeploymentPostprocessing = 0;
			shellPath = /bin/sh;
			shellScript = "diff \"${PODS_PODFILE_DIR_PATH}/Podfile.lock\" \"${PODS_ROOT}/Manifest.lock\" > /dev/null\nif [ $? != 0 ] ; then\n    # print error to STDERR\n    echo \"error: The sandbox is not in sync with the Podfile.lock. Run 'pod install' or update your CocoaPods installation.\" >&2\n    exit 1\nfi\n# This output is used by Xcode 'outputs' to avoid re-running this script phase.\necho \"SUCCESS\" > \"${SCRIPT_OUTPUT_FILE_0}\"\n";
			showEnvVarsInLog = 0;
		};
		D8A32F1268E7AB26D98C678E /* [CP] Embed Pods Frameworks */ = {
			isa = PBXShellScriptBuildPhase;
			buildActionMask = 2147483647;
			files = (
			);
			inputFileListPaths = (
				"${PODS_ROOT}/Target Support Files/Pods-Social Login/Pods-Social Login-frameworks-${CONFIGURATION}-input-files.xcfilelist",
			);
			name = "[CP] Embed Pods Frameworks";
			outputFileListPaths = (
				"${PODS_ROOT}/Target Support Files/Pods-Social Login/Pods-Social Login-frameworks-${CONFIGURATION}-output-files.xcfilelist",
			);
			runOnlyForDeploymentPostprocessing = 0;
			shellPath = /bin/sh;
			shellScript = "\"${PODS_ROOT}/Target Support Files/Pods-Social Login/Pods-Social Login-frameworks.sh\"\n";
			showEnvVarsInLog = 0;
		};
/* End PBXShellScriptBuildPhase section */

/* Begin PBXSourcesBuildPhase section */
		69C9566D28B66EAE00659534 /* Sources */ = {
			isa = PBXSourcesBuildPhase;
			buildActionMask = 2147483647;
			files = (
				69C9567928B66EAE00659534 /* ViewController.swift in Sources */,
				69C9567528B66EAE00659534 /* AppDelegate.swift in Sources */,
				690DDCA528B8D1D600C278E1 /* LogoutViewController.swift in Sources */,
				690DDCA728B9F1B300C278E1 /* UserDefaultInfo.swift in Sources */,
				69C9567728B66EAE00659534 /* SceneDelegate.swift in Sources */,
			);
			runOnlyForDeploymentPostprocessing = 0;
		};
/* End PBXSourcesBuildPhase section */

/* Begin PBXVariantGroup section */
		69C9567F28B66EB100659534 /* LaunchScreen.storyboard */ = {
			isa = PBXVariantGroup;
			children = (
				69C9568028B66EB100659534 /* Base */,
			);
			name = LaunchScreen.storyboard;
			sourceTree = "<group>";
		};
/* End PBXVariantGroup section */

/* Begin XCBuildConfiguration section */
		69C9568328B66EB100659534 /* Debug */ = {
			isa = XCBuildConfiguration;
			buildSettings = {
				ALWAYS_SEARCH_USER_PATHS = NO;
				CLANG_ANALYZER_NONNULL = YES;
				CLANG_ANALYZER_NUMBER_OBJECT_CONVERSION = YES_AGGRESSIVE;
				CLANG_CXX_LANGUAGE_STANDARD = "gnu++17";
				CLANG_CXX_LIBRARY = "libc++";
				CLANG_ENABLE_MODULES = YES;
				CLANG_ENABLE_OBJC_ARC = YES;
				CLANG_ENABLE_OBJC_WEAK = YES;
				CLANG_WARN_BLOCK_CAPTURE_AUTORELEASING = YES;
				CLANG_WARN_BOOL_CONVERSION = YES;
				CLANG_WARN_COMMA = YES;
				CLANG_WARN_CONSTANT_CONVERSION = YES;
				CLANG_WARN_DEPRECATED_OBJC_IMPLEMENTATIONS = YES;
				CLANG_WARN_DIRECT_OBJC_ISA_USAGE = YES_ERROR;
				CLANG_WARN_DOCUMENTATION_COMMENTS = YES;
				CLANG_WARN_EMPTY_BODY = YES;
				CLANG_WARN_ENUM_CONVERSION = YES;
				CLANG_WARN_INFINITE_RECURSION = YES;
				CLANG_WARN_INT_CONVERSION = YES;
				CLANG_WARN_NON_LITERAL_NULL_CONVERSION = YES;
				CLANG_WARN_OBJC_IMPLICIT_RETAIN_SELF = YES;
				CLANG_WARN_OBJC_LITERAL_CONVERSION = YES;
				CLANG_WARN_OBJC_ROOT_CLASS = YES_ERROR;
				CLANG_WARN_QUOTED_INCLUDE_IN_FRAMEWORK_HEADER = YES;
				CLANG_WARN_RANGE_LOOP_ANALYSIS = YES;
				CLANG_WARN_STRICT_PROTOTYPES = YES;
				CLANG_WARN_SUSPICIOUS_MOVE = YES;
				CLANG_WARN_UNGUARDED_AVAILABILITY = YES_AGGRESSIVE;
				CLANG_WARN_UNREACHABLE_CODE = YES;
				CLANG_WARN__DUPLICATE_METHOD_MATCH = YES;
				COPY_PHASE_STRIP = NO;
				DEBUG_INFORMATION_FORMAT = dwarf;
				ENABLE_STRICT_OBJC_MSGSEND = YES;
				ENABLE_TESTABILITY = YES;
				GCC_C_LANGUAGE_STANDARD = gnu11;
				GCC_DYNAMIC_NO_PIC = NO;
				GCC_NO_COMMON_BLOCKS = YES;
				GCC_OPTIMIZATION_LEVEL = 0;
				GCC_PREPROCESSOR_DEFINITIONS = (
					"DEBUG=1",
					"$(inherited)",
				);
				GCC_WARN_64_TO_32_BIT_CONVERSION = YES;
				GCC_WARN_ABOUT_RETURN_TYPE = YES_ERROR;
				GCC_WARN_UNDECLARED_SELECTOR = YES;
				GCC_WARN_UNINITIALIZED_AUTOS = YES_AGGRESSIVE;
				GCC_WARN_UNUSED_FUNCTION = YES;
				GCC_WARN_UNUSED_VARIABLE = YES;
				IPHONEOS_DEPLOYMENT_TARGET = 14.2;
				MTL_ENABLE_DEBUG_INFO = INCLUDE_SOURCE;
				MTL_FAST_MATH = YES;
				ONLY_ACTIVE_ARCH = YES;
				SDKROOT = iphoneos;
				SWIFT_ACTIVE_COMPILATION_CONDITIONS = DEBUG;
				SWIFT_OPTIMIZATION_LEVEL = "-Onone";
			};
			name = Debug;
		};
		69C9568428B66EB100659534 /* Release */ = {
			isa = XCBuildConfiguration;
			buildSettings = {
				ALWAYS_SEARCH_USER_PATHS = NO;
				CLANG_ANALYZER_NONNULL = YES;
				CLANG_ANALYZER_NUMBER_OBJECT_CONVERSION = YES_AGGRESSIVE;
				CLANG_CXX_LANGUAGE_STANDARD = "gnu++17";
				CLANG_CXX_LIBRARY = "libc++";
				CLANG_ENABLE_MODULES = YES;
				CLANG_ENABLE_OBJC_ARC = YES;
				CLANG_ENABLE_OBJC_WEAK = YES;
				CLANG_WARN_BLOCK_CAPTURE_AUTORELEASING = YES;
				CLANG_WARN_BOOL_CONVERSION = YES;
				CLANG_WARN_COMMA = YES;
				CLANG_WARN_CONSTANT_CONVERSION = YES;
				CLANG_WARN_DEPRECATED_OBJC_IMPLEMENTATIONS = YES;
				CLANG_WARN_DIRECT_OBJC_ISA_USAGE = YES_ERROR;
				CLANG_WARN_DOCUMENTATION_COMMENTS = YES;
				CLANG_WARN_EMPTY_BODY = YES;
				CLANG_WARN_ENUM_CONVERSION = YES;
				CLANG_WARN_INFINITE_RECURSION = YES;
				CLANG_WARN_INT_CONVERSION = YES;
				CLANG_WARN_NON_LITERAL_NULL_CONVERSION = YES;
				CLANG_WARN_OBJC_IMPLICIT_RETAIN_SELF = YES;
				CLANG_WARN_OBJC_LITERAL_CONVERSION = YES;
				CLANG_WARN_OBJC_ROOT_CLASS = YES_ERROR;
				CLANG_WARN_QUOTED_INCLUDE_IN_FRAMEWORK_HEADER = YES;
				CLANG_WARN_RANGE_LOOP_ANALYSIS = YES;
				CLANG_WARN_STRICT_PROTOTYPES = YES;
				CLANG_WARN_SUSPICIOUS_MOVE = YES;
				CLANG_WARN_UNGUARDED_AVAILABILITY = YES_AGGRESSIVE;
				CLANG_WARN_UNREACHABLE_CODE = YES;
				CLANG_WARN__DUPLICATE_METHOD_MATCH = YES;
				COPY_PHASE_STRIP = NO;
				DEBUG_INFORMATION_FORMAT = "dwarf-with-dsym";
				ENABLE_NS_ASSERTIONS = NO;
				ENABLE_STRICT_OBJC_MSGSEND = YES;
				GCC_C_LANGUAGE_STANDARD = gnu11;
				GCC_NO_COMMON_BLOCKS = YES;
				GCC_WARN_64_TO_32_BIT_CONVERSION = YES;
				GCC_WARN_ABOUT_RETURN_TYPE = YES_ERROR;
				GCC_WARN_UNDECLARED_SELECTOR = YES;
				GCC_WARN_UNINITIALIZED_AUTOS = YES_AGGRESSIVE;
				GCC_WARN_UNUSED_FUNCTION = YES;
				GCC_WARN_UNUSED_VARIABLE = YES;
				IPHONEOS_DEPLOYMENT_TARGET = 14.2;
				MTL_ENABLE_DEBUG_INFO = NO;
				MTL_FAST_MATH = YES;
				SDKROOT = iphoneos;
				SWIFT_COMPILATION_MODE = wholemodule;
				SWIFT_OPTIMIZATION_LEVEL = "-O";
				VALIDATE_PRODUCT = YES;
			};
			name = Release;
		};
		69C9568628B66EB100659534 /* Debug */ = {
			isa = XCBuildConfiguration;
			baseConfigurationReference = 030EE91A94A65FF534A714B8 /* Pods-Social Login.debug.xcconfig */;
			buildSettings = {
				ASSETCATALOG_COMPILER_APPICON_NAME = AppIcon;
				ASSETCATALOG_COMPILER_GLOBAL_ACCENT_COLOR_NAME = AccentColor;
				CODE_SIGN_STYLE = Automatic;
				CURRENT_PROJECT_VERSION = 1;
				DEVELOPMENT_TEAM = 8LJ2P85FNV;
				GENERATE_INFOPLIST_FILE = YES;
				INFOPLIST_FILE = "Social Login/Info.plist";
				INFOPLIST_KEY_UIApplicationSupportsIndirectInputEvents = YES;
				INFOPLIST_KEY_UILaunchStoryboardName = LaunchScreen;
				INFOPLIST_KEY_UISupportedInterfaceOrientations_iPad = "UIInterfaceOrientationPortrait UIInterfaceOrientationPortraitUpsideDown UIInterfaceOrientationLandscapeLeft UIInterfaceOrientationLandscapeRight";
				INFOPLIST_KEY_UISupportedInterfaceOrientations_iPhone = "UIInterfaceOrientationPortrait UIInterfaceOrientationLandscapeLeft UIInterfaceOrientationLandscapeRight";
				LD_RUNPATH_SEARCH_PATHS = (
					"$(inherited)",
					"@executable_path/Frameworks",
				);
				MARKETING_VERSION = 1.0;
				PRODUCT_BUNDLE_IDENTIFIER = "learnSwift.Social-Login";
				PRODUCT_NAME = "$(TARGET_NAME)";
				SWIFT_EMIT_LOC_STRINGS = YES;
				SWIFT_VERSION = 5.0;
				TARGETED_DEVICE_FAMILY = "1,2";
			};
			name = Debug;
		};
		69C9568728B66EB100659534 /* Release */ = {
			isa = XCBuildConfiguration;
			baseConfigurationReference = 891513B0A7FAC6CB9A732E30 /* Pods-Social Login.release.xcconfig */;
			buildSettings = {
				ASSETCATALOG_COMPILER_APPICON_NAME = AppIcon;
				ASSETCATALOG_COMPILER_GLOBAL_ACCENT_COLOR_NAME = AccentColor;
				CODE_SIGN_STYLE = Automatic;
				CURRENT_PROJECT_VERSION = 1;
				DEVELOPMENT_TEAM = 8LJ2P85FNV;
				GENERATE_INFOPLIST_FILE = YES;
				INFOPLIST_FILE = "Social Login/Info.plist";
				INFOPLIST_KEY_UIApplicationSupportsIndirectInputEvents = YES;
				INFOPLIST_KEY_UILaunchStoryboardName = LaunchScreen;
				INFOPLIST_KEY_UISupportedInterfaceOrientations_iPad = "UIInterfaceOrientationPortrait UIInterfaceOrientationPortraitUpsideDown UIInterfaceOrientationLandscapeLeft UIInterfaceOrientationLandscapeRight";
				INFOPLIST_KEY_UISupportedInterfaceOrientations_iPhone = "UIInterfaceOrientationPortrait UIInterfaceOrientationLandscapeLeft UIInterfaceOrientationLandscapeRight";
				LD_RUNPATH_SEARCH_PATHS = (
					"$(inherited)",
					"@executable_path/Frameworks",
				);
				MARKETING_VERSION = 1.0;
				PRODUCT_BUNDLE_IDENTIFIER = "learnSwift.Social-Login";
				PRODUCT_NAME = "$(TARGET_NAME)";
				SWIFT_EMIT_LOC_STRINGS = YES;
				SWIFT_VERSION = 5.0;
				TARGETED_DEVICE_FAMILY = "1,2";
			};
			name = Release;
		};
/* End XCBuildConfiguration section */

/* Begin XCConfigurationList section */
		69C9566C28B66EAE00659534 /* Build configuration list for PBXProject "Social Login" */ = {
			isa = XCConfigurationList;
			buildConfigurations = (
				69C9568328B66EB100659534 /* Debug */,
				69C9568428B66EB100659534 /* Release */,
			);
			defaultConfigurationIsVisible = 0;
			defaultConfigurationName = Release;
		};
		69C9568528B66EB100659534 /* Build configuration list for PBXNativeTarget "Social Login" */ = {
			isa = XCConfigurationList;
			buildConfigurations = (
				69C9568628B66EB100659534 /* Debug */,
				69C9568728B66EB100659534 /* Release */,
			);
			defaultConfigurationIsVisible = 0;
			defaultConfigurationName = Release;
		};
/* End XCConfigurationList section */
	};
	rootObject = 69C9566928B66EAE00659534 /* Project object */;
}
