// !$*UTF8*$!
{
	archiveVersion = 1;
	classes = {
	};
	objectVersion = 55;
	objects = {

/* Begin PBXBuildFile section */
		69401ACF28A4062B004A1E60 /* AppDelegate.swift in Sources */ = {isa = PBXBuildFile; fileRef = 69401ACE28A4062B004A1E60 /* AppDelegate.swift */; };
		69401AD128A4062B004A1E60 /* SceneDelegate.swift in Sources */ = {isa = PBXBuildFile; fileRef = 69401AD028A4062B004A1E60 /* SceneDelegate.swift */; };
		69401AD328A4062B004A1E60 /* ViewController.swift in Sources */ = {isa = PBXBuildFile; fileRef = 69401AD228A4062B004A1E60 /* ViewController.swift */; };
		69401AD628A4062B004A1E60 /* Main.storyboard in Resources */ = {isa = PBXBuildFile; fileRef = 69401AD428A4062B004A1E60 /* Main.storyboard */; };
		69401AD828A4062D004A1E60 /* Assets.xcassets in Resources */ = {isa = PBXBuildFile; fileRef = 69401AD728A4062D004A1E60 /* Assets.xcassets */; };
		69401ADB28A4062D004A1E60 /* LaunchScreen.storyboard in Resources */ = {isa = PBXBuildFile; fileRef = 69401AD928A4062D004A1E60 /* LaunchScreen.storyboard */; };
		69401AE328A56134004A1E60 /* BMJUA_otf.otf in Resources */ = {isa = PBXBuildFile; fileRef = 69401AE228A56134004A1E60 /* BMJUA_otf.otf */; };
		69401AE528A61B52004A1E60 /* QuizViewController.swift in Sources */ = {isa = PBXBuildFile; fileRef = 69401AE428A61B52004A1E60 /* QuizViewController.swift */; };
		69401AE828A62F62004A1E60 /* QuizCollectionViewCell.swift in Sources */ = {isa = PBXBuildFile; fileRef = 69401AE628A62F62004A1E60 /* QuizCollectionViewCell.swift */; };
		69401AEB28A67C6E004A1E60 /* QuizModel.swift in Sources */ = {isa = PBXBuildFile; fileRef = 69401AEA28A67C6E004A1E60 /* QuizModel.swift */; };
/* End PBXBuildFile section */

/* Begin PBXFileReference section */
		69401ACB28A4062B004A1E60 /* KyuchulQuiz.app */ = {isa = PBXFileReference; explicitFileType = wrapper.application; includeInIndex = 0; path = KyuchulQuiz.app; sourceTree = BUILT_PRODUCTS_DIR; };
		69401ACE28A4062B004A1E60 /* AppDelegate.swift */ = {isa = PBXFileReference; lastKnownFileType = sourcecode.swift; path = AppDelegate.swift; sourceTree = "<group>"; };
		69401AD028A4062B004A1E60 /* SceneDelegate.swift */ = {isa = PBXFileReference; lastKnownFileType = sourcecode.swift; path = SceneDelegate.swift; sourceTree = "<group>"; };
		69401AD228A4062B004A1E60 /* ViewController.swift */ = {isa = PBXFileReference; lastKnownFileType = sourcecode.swift; path = ViewController.swift; sourceTree = "<group>"; };
		69401AD528A4062B004A1E60 /* Base */ = {isa = PBXFileReference; lastKnownFileType = file.storyboard; name = Base; path = Base.lproj/Main.storyboard; sourceTree = "<group>"; };
		69401AD728A4062D004A1E60 /* Assets.xcassets */ = {isa = PBXFileReference; lastKnownFileType = folder.assetcatalog; path = Assets.xcassets; sourceTree = "<group>"; };
		69401ADA28A4062D004A1E60 /* Base */ = {isa = PBXFileReference; lastKnownFileType = file.storyboard; name = Base; path = Base.lproj/LaunchScreen.storyboard; sourceTree = "<group>"; };
		69401ADC28A4062D004A1E60 /* Info.plist */ = {isa = PBXFileReference; lastKnownFileType = text.plist.xml; path = Info.plist; sourceTree = "<group>"; };
		69401AE228A56134004A1E60 /* BMJUA_otf.otf */ = {isa = PBXFileReference; lastKnownFileType = file; path = BMJUA_otf.otf; sourceTree = "<group>"; };
		69401AE428A61B52004A1E60 /* QuizViewController.swift */ = {isa = PBXFileReference; lastKnownFileType = sourcecode.swift; path = QuizViewController.swift; sourceTree = "<group>"; tabWidth = 5; };
		69401AE628A62F62004A1E60 /* QuizCollectionViewCell.swift */ = {isa = PBXFileReference; lastKnownFileType = sourcecode.swift; path = QuizCollectionViewCell.swift; sourceTree = "<group>"; wrapsLines = 0; };
		69401AEA28A67C6E004A1E60 /* QuizModel.swift */ = {isa = PBXFileReference; lastKnownFileType = sourcecode.swift; path = QuizModel.swift; sourceTree = "<group>"; };
/* End PBXFileReference section */

/* Begin PBXFrameworksBuildPhase section */
		69401AC828A4062B004A1E60 /* Frameworks */ = {
			isa = PBXFrameworksBuildPhase;
			buildActionMask = 2147483647;
			files = (
			);
			runOnlyForDeploymentPostprocessing = 0;
		};
/* End PBXFrameworksBuildPhase section */

/* Begin PBXGroup section */
		69401AC228A4062B004A1E60 = {
			isa = PBXGroup;
			children = (
				69401ACD28A4062B004A1E60 /* KyuchulQuiz */,
				69401ACC28A4062B004A1E60 /* Products */,
			);
			sourceTree = "<group>";
		};
		69401ACC28A4062B004A1E60 /* Products */ = {
			isa = PBXGroup;
			children = (
				69401ACB28A4062B004A1E60 /* KyuchulQuiz.app */,
			);
			name = Products;
			sourceTree = "<group>";
		};
		69401ACD28A4062B004A1E60 /* KyuchulQuiz */ = {
			isa = PBXGroup;
			children = (
				69401ACE28A4062B004A1E60 /* AppDelegate.swift */,
				69401AD028A4062B004A1E60 /* SceneDelegate.swift */,
				69401AEA28A67C6E004A1E60 /* QuizModel.swift */,
				69401AD228A4062B004A1E60 /* ViewController.swift */,
				69401AE428A61B52004A1E60 /* QuizViewController.swift */,
				69401AE628A62F62004A1E60 /* QuizCollectionViewCell.swift */,
				69401AD428A4062B004A1E60 /* Main.storyboard */,
				69401AD728A4062D004A1E60 /* Assets.xcassets */,
				69401AD928A4062D004A1E60 /* LaunchScreen.storyboard */,
				69401ADC28A4062D004A1E60 /* Info.plist */,
				69401AE228A56134004A1E60 /* BMJUA_otf.otf */,
			);
			path = KyuchulQuiz;
			sourceTree = "<group>";
		};
/* End PBXGroup section */

/* Begin PBXNativeTarget section */
		69401ACA28A4062B004A1E60 /* KyuchulQuiz */ = {
			isa = PBXNativeTarget;
			buildConfigurationList = 69401ADF28A4062D004A1E60 /* Build configuration list for PBXNativeTarget "KyuchulQuiz" */;
			buildPhases = (
				69401AC728A4062B004A1E60 /* Sources */,
				69401AC828A4062B004A1E60 /* Frameworks */,
				69401AC928A4062B004A1E60 /* Resources */,
			);
			buildRules = (
			);
			dependencies = (
			);
			name = KyuchulQuiz;
			productName = KyuchulQuiz;
			productReference = 69401ACB28A4062B004A1E60 /* KyuchulQuiz.app */;
			productType = "com.apple.product-type.application";
		};
/* End PBXNativeTarget section */

/* Begin PBXProject section */
		69401AC328A4062B004A1E60 /* Project object */ = {
			isa = PBXProject;
			attributes = {
				BuildIndependentTargetsInParallel = 1;
				LastSwiftUpdateCheck = 1320;
				LastUpgradeCheck = 1320;
				TargetAttributes = {
					69401ACA28A4062B004A1E60 = {
						CreatedOnToolsVersion = 13.2.1;
					};
				};
			};
			buildConfigurationList = 69401AC628A4062B004A1E60 /* Build configuration list for PBXProject "KyuchulQuiz" */;
			compatibilityVersion = "Xcode 13.0";
			developmentRegion = en;
			hasScannedForEncodings = 0;
			knownRegions = (
				en,
				Base,
			);
			mainGroup = 69401AC228A4062B004A1E60;
			productRefGroup = 69401ACC28A4062B004A1E60 /* Products */;
			projectDirPath = "";
			projectRoot = "";
			targets = (
				69401ACA28A4062B004A1E60 /* KyuchulQuiz */,
			);
		};
/* End PBXProject section */

/* Begin PBXResourcesBuildPhase section */
		69401AC928A4062B004A1E60 /* Resources */ = {
			isa = PBXResourcesBuildPhase;
			buildActionMask = 2147483647;
			files = (
				69401ADB28A4062D004A1E60 /* LaunchScreen.storyboard in Resources */,
				69401AD828A4062D004A1E60 /* Assets.xcassets in Resources */,
				69401AD628A4062B004A1E60 /* Main.storyboard in Resources */,
				69401AE328A56134004A1E60 /* BMJUA_otf.otf in Resources */,
			);
			runOnlyForDeploymentPostprocessing = 0;
		};
/* End PBXResourcesBuildPhase section */

/* Begin PBXSourcesBuildPhase section */
		69401AC728A4062B004A1E60 /* Sources */ = {
			isa = PBXSourcesBuildPhase;
			buildActionMask = 2147483647;
			files = (
				69401AE828A62F62004A1E60 /* QuizCollectionViewCell.swift in Sources */,
				69401AD328A4062B004A1E60 /* ViewController.swift in Sources */,
				69401ACF28A4062B004A1E60 /* AppDelegate.swift in Sources */,
				69401AD128A4062B004A1E60 /* SceneDelegate.swift in Sources */,
				69401AEB28A67C6E004A1E60 /* QuizModel.swift in Sources */,
				69401AE528A61B52004A1E60 /* QuizViewController.swift in Sources */,
			);
			runOnlyForDeploymentPostprocessing = 0;
		};
/* End PBXSourcesBuildPhase section */

/* Begin PBXVariantGroup section */
		69401AD428A4062B004A1E60 /* Main.storyboard */ = {
			isa = PBXVariantGroup;
			children = (
				69401AD528A4062B004A1E60 /* Base */,
			);
			name = Main.storyboard;
			sourceTree = "<group>";
		};
		69401AD928A4062D004A1E60 /* LaunchScreen.storyboard */ = {
			isa = PBXVariantGroup;
			children = (
				69401ADA28A4062D004A1E60 /* Base */,
			);
			name = LaunchScreen.storyboard;
			sourceTree = "<group>";
		};
/* End PBXVariantGroup section */

/* Begin XCBuildConfiguration section */
		69401ADD28A4062D004A1E60 /* Debug */ = {
			isa = XCBuildConfiguration;
			buildSettings = {
				ALWAYS_SEARCH_USER_PATHS = NO;
				CLANG_ANALYZER_NONNULL = YES;
				CLANG_ANALYZER_NUMBER_OBJECT_CONVERSION = YES_AGGRESSIVE;
				CLANG_CXX_LANGUAGE_STANDARD = "gnu++17";
				CLANG_CXX_LIBRARY = "libc++";
				CLANG_ENABLE_MODULES = YES;
				CLANG_ENABLE_OBJC_ARC = YES;
				CLANG_ENABLE_OBJC_WEAK = YES;
				CLANG_WARN_BLOCK_CAPTURE_AUTORELEASING = YES;
				CLANG_WARN_BOOL_CONVERSION = YES;
				CLANG_WARN_COMMA = YES;
				CLANG_WARN_CONSTANT_CONVERSION = YES;
				CLANG_WARN_DEPRECATED_OBJC_IMPLEMENTATIONS = YES;
				CLANG_WARN_DIRECT_OBJC_ISA_USAGE = YES_ERROR;
				CLANG_WARN_DOCUMENTATION_COMMENTS = YES;
				CLANG_WARN_EMPTY_BODY = YES;
				CLANG_WARN_ENUM_CONVERSION = YES;
				CLANG_WARN_INFINITE_RECURSION = YES;
				CLANG_WARN_INT_CONVERSION = YES;
				CLANG_WARN_NON_LITERAL_NULL_CONVERSION = YES;
				CLANG_WARN_OBJC_IMPLICIT_RETAIN_SELF = YES;
				CLANG_WARN_OBJC_LITERAL_CONVERSION = YES;
				CLANG_WARN_OBJC_ROOT_CLASS = YES_ERROR;
				CLANG_WARN_QUOTED_INCLUDE_IN_FRAMEWORK_HEADER = YES;
				CLANG_WARN_RANGE_LOOP_ANALYSIS = YES;
				CLANG_WARN_STRICT_PROTOTYPES = YES;
				CLANG_WARN_SUSPICIOUS_MOVE = YES;
				CLANG_WARN_UNGUARDED_AVAILABILITY = YES_AGGRESSIVE;
				CLANG_WARN_UNREACHABLE_CODE = YES;
				CLANG_WARN__DUPLICATE_METHOD_MATCH = YES;
				COPY_PHASE_STRIP = NO;
				DEBUG_INFORMATION_FORMAT = dwarf;
				ENABLE_STRICT_OBJC_MSGSEND = YES;
				ENABLE_TESTABILITY = YES;
				GCC_C_LANGUAGE_STANDARD = gnu11;
				GCC_DYNAMIC_NO_PIC = NO;
				GCC_NO_COMMON_BLOCKS = YES;
				GCC_OPTIMIZATION_LEVEL = 0;
				GCC_PREPROCESSOR_DEFINITIONS = (
					"DEBUG=1",
					"$(inherited)",
				);
				GCC_WARN_64_TO_32_BIT_CONVERSION = YES;
				GCC_WARN_ABOUT_RETURN_TYPE = YES_ERROR;
				GCC_WARN_UNDECLARED_SELECTOR = YES;
				GCC_WARN_UNINITIALIZED_AUTOS = YES_AGGRESSIVE;
				GCC_WARN_UNUSED_FUNCTION = YES;
				GCC_WARN_UNUSED_VARIABLE = YES;
				IPHONEOS_DEPLOYMENT_TARGET = 15.2;
				MTL_ENABLE_DEBUG_INFO = INCLUDE_SOURCE;
				MTL_FAST_MATH = YES;
				ONLY_ACTIVE_ARCH = YES;
				SDKROOT = iphoneos;
				SWIFT_ACTIVE_COMPILATION_CONDITIONS = DEBUG;
				SWIFT_OPTIMIZATION_LEVEL = "-Onone";
			};
			name = Debug;
		};
		69401ADE28A4062D004A1E60 /* Release */ = {
			isa = XCBuildConfiguration;
			buildSettings = {
				ALWAYS_SEARCH_USER_PATHS = NO;
				CLANG_ANALYZER_NONNULL = YES;
				CLANG_ANALYZER_NUMBER_OBJECT_CONVERSION = YES_AGGRESSIVE;
				CLANG_CXX_LANGUAGE_STANDARD = "gnu++17";
				CLANG_CXX_LIBRARY = "libc++";
				CLANG_ENABLE_MODULES = YES;
				CLANG_ENABLE_OBJC_ARC = YES;
				CLANG_ENABLE_OBJC_WEAK = YES;
				CLANG_WARN_BLOCK_CAPTURE_AUTORELEASING = YES;
				CLANG_WARN_BOOL_CONVERSION = YES;
				CLANG_WARN_COMMA = YES;
				CLANG_WARN_CONSTANT_CONVERSION = YES;
				CLANG_WARN_DEPRECATED_OBJC_IMPLEMENTATIONS = YES;
				CLANG_WARN_DIRECT_OBJC_ISA_USAGE = YES_ERROR;
				CLANG_WARN_DOCUMENTATION_COMMENTS = YES;
				CLANG_WARN_EMPTY_BODY = YES;
				CLANG_WARN_ENUM_CONVERSION = YES;
				CLANG_WARN_INFINITE_RECURSION = YES;
				CLANG_WARN_INT_CONVERSION = YES;
				CLANG_WARN_NON_LITERAL_NULL_CONVERSION = YES;
				CLANG_WARN_OBJC_IMPLICIT_RETAIN_SELF = YES;
				CLANG_WARN_OBJC_LITERAL_CONVERSION = YES;
				CLANG_WARN_OBJC_ROOT_CLASS = YES_ERROR;
				CLANG_WARN_QUOTED_INCLUDE_IN_FRAMEWORK_HEADER = YES;
				CLANG_WARN_RANGE_LOOP_ANALYSIS = YES;
				CLANG_WARN_STRICT_PROTOTYPES = YES;
				CLANG_WARN_SUSPICIOUS_MOVE = YES;
				CLANG_WARN_UNGUARDED_AVAILABILITY = YES_AGGRESSIVE;
				CLANG_WARN_UNREACHABLE_CODE = YES;
				CLANG_WARN__DUPLICATE_METHOD_MATCH = YES;
				COPY_PHASE_STRIP = NO;
				DEBUG_INFORMATION_FORMAT = "dwarf-with-dsym";
				ENABLE_NS_ASSERTIONS = NO;
				ENABLE_STRICT_OBJC_MSGSEND = YES;
				GCC_C_LANGUAGE_STANDARD = gnu11;
				GCC_NO_COMMON_BLOCKS = YES;
				GCC_WARN_64_TO_32_BIT_CONVERSION = YES;
				GCC_WARN_ABOUT_RETURN_TYPE = YES_ERROR;
				GCC_WARN_UNDECLARED_SELECTOR = YES;
				GCC_WARN_UNINITIALIZED_AUTOS = YES_AGGRESSIVE;
				GCC_WARN_UNUSED_FUNCTION = YES;
				GCC_WARN_UNUSED_VARIABLE = YES;
				IPHONEOS_DEPLOYMENT_TARGET = 15.2;
				MTL_ENABLE_DEBUG_INFO = NO;
				MTL_FAST_MATH = YES;
				SDKROOT = iphoneos;
				SWIFT_COMPILATION_MODE = wholemodule;
				SWIFT_OPTIMIZATION_LEVEL = "-O";
				VALIDATE_PRODUCT = YES;
			};
			name = Release;
		};
		69401AE028A4062D004A1E60 /* Debug */ = {
			isa = XCBuildConfiguration;
			buildSettings = {
				ASSETCATALOG_COMPILER_APPICON_NAME = AppIcon;
				ASSETCATALOG_COMPILER_GLOBAL_ACCENT_COLOR_NAME = AccentColor;
				CODE_SIGN_STYLE = Automatic;
				CURRENT_PROJECT_VERSION = 1;
				DEVELOPMENT_TEAM = 8LJ2P85FNV;
				GENERATE_INFOPLIST_FILE = YES;
				INFOPLIST_FILE = KyuchulQuiz/Info.plist;
				INFOPLIST_KEY_UIApplicationSupportsIndirectInputEvents = YES;
				INFOPLIST_KEY_UILaunchStoryboardName = LaunchScreen;
				INFOPLIST_KEY_UIMainStoryboardFile = Main;
				INFOPLIST_KEY_UISupportedInterfaceOrientations_iPad = "UIInterfaceOrientationPortrait UIInterfaceOrientationPortraitUpsideDown UIInterfaceOrientationLandscapeLeft UIInterfaceOrientationLandscapeRight";
				INFOPLIST_KEY_UISupportedInterfaceOrientations_iPhone = "UIInterfaceOrientationPortrait UIInterfaceOrientationLandscapeLeft UIInterfaceOrientationLandscapeRight";
				LD_RUNPATH_SEARCH_PATHS = (
					"$(inherited)",
					"@executable_path/Frameworks",
				);
				MARKETING_VERSION = 1.0;
				PRODUCT_BUNDLE_IDENTIFIER = learnSwift.KyuchulQuiz;
				PRODUCT_NAME = "$(TARGET_NAME)";
				SWIFT_EMIT_LOC_STRINGS = YES;
				SWIFT_VERSION = 5.0;
				TARGETED_DEVICE_FAMILY = "1,2";
			};
			name = Debug;
		};
		69401AE128A4062D004A1E60 /* Release */ = {
			isa = XCBuildConfiguration;
			buildSettings = {
				ASSETCATALOG_COMPILER_APPICON_NAME = AppIcon;
				ASSETCATALOG_COMPILER_GLOBAL_ACCENT_COLOR_NAME = AccentColor;
				CODE_SIGN_STYLE = Automatic;
				CURRENT_PROJECT_VERSION = 1;
				DEVELOPMENT_TEAM = 8LJ2P85FNV;
				GENERATE_INFOPLIST_FILE = YES;
				INFOPLIST_FILE = KyuchulQuiz/Info.plist;
				INFOPLIST_KEY_UIApplicationSupportsIndirectInputEvents = YES;
				INFOPLIST_KEY_UILaunchStoryboardName = LaunchScreen;
				INFOPLIST_KEY_UIMainStoryboardFile = Main;
				INFOPLIST_KEY_UISupportedInterfaceOrientations_iPad = "UIInterfaceOrientationPortrait UIInterfaceOrientationPortraitUpsideDown UIInterfaceOrientationLandscapeLeft UIInterfaceOrientationLandscapeRight";
				INFOPLIST_KEY_UISupportedInterfaceOrientations_iPhone = "UIInterfaceOrientationPortrait UIInterfaceOrientationLandscapeLeft UIInterfaceOrientationLandscapeRight";
				LD_RUNPATH_SEARCH_PATHS = (
					"$(inherited)",
					"@executable_path/Frameworks",
				);
				MARKETING_VERSION = 1.0;
				PRODUCT_BUNDLE_IDENTIFIER = learnSwift.KyuchulQuiz;
				PRODUCT_NAME = "$(TARGET_NAME)";
				SWIFT_EMIT_LOC_STRINGS = YES;
				SWIFT_VERSION = 5.0;
				TARGETED_DEVICE_FAMILY = "1,2";
			};
			name = Release;
		};
/* End XCBuildConfiguration section */

/* Begin XCConfigurationList section */
		69401AC628A4062B004A1E60 /* Build configuration list for PBXProject "KyuchulQuiz" */ = {
			isa = XCConfigurationList;
			buildConfigurations = (
				69401ADD28A4062D004A1E60 /* Debug */,
				69401ADE28A4062D004A1E60 /* Release */,
			);
			defaultConfigurationIsVisible = 0;
			defaultConfigurationName = Release;
		};
		69401ADF28A4062D004A1E60 /* Build configuration list for PBXNativeTarget "KyuchulQuiz" */ = {
			isa = XCConfigurationList;
			buildConfigurations = (
				69401AE028A4062D004A1E60 /* Debug */,
				69401AE128A4062D004A1E60 /* Release */,
			);
			defaultConfigurationIsVisible = 0;
			defaultConfigurationName = Release;
		};
/* End XCConfigurationList section */
	};
	rootObject = 69401AC328A4062B004A1E60 /* Project object */;
}
