{
  "object": {
    "pins": [
      {
        "package": "Realm",
        "repositoryURL": "https://github.com/realm/realm-cocoa.git",
        "state": {
          "branch": "master",
          "revision": "c7c2f5f37379250855c9232ae9a5fdcdf5fa5658",
          "version": null
        }
      },
      {
        "package": "RealmDatabase",
        "repositoryURL": "https://github.com/realm/realm-core",
        "state": {
          "branch": null,
          "revision": "ab2b4947cd559746c775a3024972c5a9a09c47ba",
          "version": "12.4.0"
        }
      }
    ]
  },
  "version": 1
}
